
Microsoft Visual Studio Solution File, Format Version 12.00
# Visual Studio Version 17
VisualStudioVersion = 17.10.35027.167
MinimumVisualStudioVersion = 10.0.40219.1
Project("{FAE04EC0-301F-11D3-BF4B-00C04F79EFBC}") = "MyWordStystemWebapi", "MyWordStystemWebapi\MyWordStystemWebapi.csproj", "{9CC1FFDA-C8B7-4866-9D26-1B12E5202996}"
EndProject
Global
	GlobalSection(SolutionConfigurationPlatforms) = preSolution
		Debug|Any CPU = Debug|Any CPU
		Release|Any CPU = Release|Any CPU
	EndGlobalSection
	GlobalSection(ProjectConfigurationPlatforms) = postSolution
		{9CC1FFDA-C8B7-4866-9D26-1B12E5202996}.Debug|Any CPU.ActiveCfg = Debug|Any CPU
		{9CC1FFDA-C8B7-4866-9D26-1B12E5202996}.Debug|Any CPU.Build.0 = Debug|Any CPU
		{9CC1FFDA-C8B7-4866-9D26-1B12E5202996}.Release|Any CPU.ActiveCfg = Release|Any CPU
		{9CC1FFDA-C8B7-4866-9D26-1B12E5202996}.Release|Any CPU.Build.0 = Release|Any CPU
	EndGlobalSection
	GlobalSection(SolutionProperties) = preSolution
		HideSolutionNode = FALSE
	EndGlobalSection
	GlobalSection(ExtensibilityGlobals) = postSolution
		SolutionGuid = {B15C5CD2-B76A-446F-9C64-A4A4AF3ADAC8}
	EndGlobalSection
EndGlobal
